<?xml version="1.0" encoding="utf-8"?>
<Project ToolsVersion="4.0" xmlns="http://schemas.microsoft.com/developer/msbuild/2003">
  <ItemGroup>
    <Filter Include="Source Files">
      <UniqueIdentifier>{4FC737F1-C7A5-4376-A066-2A32D752A2FF}</UniqueIdentifier>
      <Extensions>cpp;c;cc;cxx;c++;cppm;ixx;def;odl;idl;hpj;bat;asm;asmx</Extensions>
    </Filter>
    <Filter Include="Header Files">
      <UniqueIdentifier>{93995380-89BD-4b04-88EB-625FBE52EBFB}</UniqueIdentifier>
      <Extensions>h;hh;hpp;hxx;h++;hm;inl;inc;ipp;xsd</Extensions>
    </Filter>
    <Filter Include="Resource Files">
      <UniqueIdentifier>{67DA6AB6-F800-4c08-8B7A-83BB121AAD01}</UniqueIdentifier>
      <Extensions>rc;ico;cur;bmp;dlg;rc2;rct;bin;rgs;gif;jpg;jpeg;jpe;resx;tiff;tif;png;wav;mfcribbon-ms</Extensions>
    </Filter>
  </ItemGroup>
  <ItemGroup>
    <ClInclude Include="vendor\UnityResolve\UnityResolve.hpp">
      <Filter>Header Files</Filter>
    </ClInclude>
    <ClInclude Include="vendor\imgui\imconfig.h">
      <Filter>Header Files</Filter>
    </ClInclude>
    <ClInclude Include="vendor\imgui\imgui.h">
      <Filter>Header Files</Filter>
    </ClInclude>
    <ClInclude Include="vendor\imgui\backends\imgui_impl_dx11.h">
      <Filter>Header Files</Filter>
    </ClInclude>
    <ClInclude Include="vendor\imgui\backends\imgui_impl_win32.h">
      <Filter>Header Files</Filter>
    </ClInclude>
    <ClInclude Include="vendor\imgui\imgui_internal.h">
      <Filter>Header Files</Filter>
    </ClInclude>
    <ClInclude Include="vendor\imgui\misc\cpp\imgui_stdlib.h">
      <Filter>Header Files</Filter>
    </ClInclude>
    <ClInclude Include="vendor\imgui\imstb_rectpack.h">
      <Filter>Header Files</Filter>
    </ClInclude>
    <ClInclude Include="vendor\imgui\imstb_textedit.h">
      <Filter>Header Files</Filter>
    </ClInclude>
    <ClInclude Include="vendor\imgui\imstb_truetype.h">
      <Filter>Header Files</Filter>
    </ClInclude>
    <ClInclude Include="vendor\minhook\include\MinHook.h">
      <Filter>Header Files</Filter>
    </ClInclude>
    <ClInclude Include="vendor\magic_enum\include\magic_enum\magic_enum.hpp">
      <Filter>Header Files</Filter>
    </ClInclude>
    <ClInclude Include="vendor\magic_enum\include\magic_enum\magic_enum_all.hpp">
      <Filter>Header Files</Filter>
    </ClInclude>
    <ClInclude Include="vendor\magic_enum\include\magic_enum\magic_enum_containers.hpp">
      <Filter>Header Files</Filter>
    </ClInclude>
    <ClInclude Include="vendor\magic_enum\include\magic_enum\magic_enum_flags.hpp">
      <Filter>Header Files</Filter>
    </ClInclude>
    <ClInclude Include="vendor\magic_enum\include\magic_enum\magic_enum_format.hpp">
      <Filter>Header Files</Filter>
    </ClInclude>
    <ClInclude Include="vendor\magic_enum\include\magic_enum\magic_enum_fuse.hpp">
      <Filter>Header Files</Filter>
    </ClInclude>
    <ClInclude Include="vendor\magic_enum\include\magic_enum\magic_enum_iostream.hpp">
      <Filter>Header Files</Filter>
    </ClInclude>
    <ClInclude Include="vendor\magic_enum\include\magic_enum\magic_enum_switch.hpp">
      <Filter>Header Files</Filter>
    </ClInclude>
    <ClInclude Include="vendor\magic_enum\include\magic_enum\magic_enum_utility.hpp">
      <Filter>Header Files</Filter>
    </ClInclude>
    <ClInclude Include="vendor\nano-signal-slot\nano_function.hpp">
      <Filter>Header Files</Filter>
    </ClInclude>
    <ClInclude Include="vendor\nano-signal-slot\nano_mutex.hpp">
      <Filter>Header Files</Filter>
    </ClInclude>
    <ClInclude Include="vendor\nano-signal-slot\nano_observer.hpp">
      <Filter>Header Files</Filter>
    </ClInclude>
    <ClInclude Include="vendor\nano-signal-slot\nano_signal_slot.hpp">
      <Filter>Header Files</Filter>
    </ClInclude>
    <ClInclude Include="src\appdata\cs-types.h">
      <Filter>Header Files</Filter>
    </ClInclude>
    <ClInclude Include="src\appdata\enums.h">
      <Filter>Header Files</Filter>
    </ClInclude>
    <ClInclude Include="src\appdata\helpers.h">
      <Filter>Header Files</Filter>
    </ClInclude>
    <ClInclude Include="src\appdata\types.h">
      <Filter>Header Files</Filter>
    </ClInclude>
    <ClInclude Include="src\appdata\types-helper.h">
      <Filter>Header Files</Filter>
    </ClInclude>
    <ClInclude Include="src\core\config\fields\field.h">
      <Filter>Header Files</Filter>
    </ClInclude>
    <ClInclude Include="src\core\config\fields\field_base.h">
      <Filter>Header Files</Filter>
    </ClInclude>
    <ClInclude Include="src\core\config\fields\field_registry.h">
      <Filter>Header Files</Filter>
    </ClInclude>
    <ClInclude Include="src\core\config\fields\hotkey_field.h">
      <Filter>Header Files</Filter>
    </ClInclude>
    <ClInclude Include="src\core\config\config_manager.h">
      <Filter>Header Files</Filter>
    </ClInclude>
    <ClInclude Include="src\core\config\config_object.h">
      <Filter>Header Files</Filter>
    </ClInclude>
    <ClInclude Include="src\core\events\event.h">
      <Filter>Header Files</Filter>
    </ClInclude>
    <ClInclude Include="src\core\events\event_manager.h">
      <Filter>Header Files</Filter>
    </ClInclude>
    <ClInclude Include="src\core\hotkey\hotkey_manager.h">
      <Filter>Header Files</Filter>
    </ClInclude>
    <ClInclude Include="src\core\pipe\pipe_manager.h">
      <Filter>Header Files</Filter>
    </ClInclude>
    <ClInclude Include="src\core\rendering\backend\dx11_backend.h">
      <Filter>Header Files</Filter>
    </ClInclude>
    <ClInclude Include="src\core\rendering\backend\renderer_backend.h">
      <Filter>Header Files</Filter>
    </ClInclude>
    <ClInclude Include="src\core\rendering\fonts\NotoSans.hpp">
      <Filter>Header Files</Filter>
    </ClInclude>
    <ClInclude Include="src\core\rendering\renderer.h">
      <Filter>Header Files</Filter>
    </ClInclude>
    <ClInclude Include="src\core\serializable.h">
      <Filter>Header Files</Filter>
    </ClInclude>
    <ClInclude Include="src\memory\asm_resolver.h">
      <Filter>Header Files</Filter>
    </ClInclude>
    <ClInclude Include="src\memory\function_hook.h">
      <Filter>Header Files</Filter>
    </ClInclude>
    <ClInclude Include="src\memory\hook_manager.h">
      <Filter>Header Files</Filter>
    </ClInclude>
    <ClInclude Include="src\memory\mem.h">
      <Filter>Header Files</Filter>
    </ClInclude>
    <ClInclude Include="src\ui\gui.h">
      <Filter>Header Files</Filter>
    </ClInclude>
    <ClInclude Include="src\user\cheat\features\combat\DumbEnemies.h">
      <Filter>Header Files</Filter>
    </ClInclude>
    <ClInclude Include="src\user\cheat\features\combat\OneHitKill.h">
      <Filter>Header Files</Filter>
    </ClInclude>
    <ClInclude Include="src\user\cheat\features\debug\Debug.h">
      <Filter>Header Files</Filter>
    </ClInclude>
    <ClInclude Include="src\user\cheat\features\game\InstantWin.h">
      <Filter>Header Files</Filter>
    </ClInclude>
    <ClInclude Include="src\user\cheat\features\game\SkipBattleSummary.h">
      <Filter>Header Files</Filter>
    </ClInclude>
    <ClInclude Include="src\user\cheat\features\game\SkipDialog.h">
      <Filter>Header Files</Filter>
    </ClInclude>
    <ClInclude Include="src\user\cheat\features\game\Timescale.h">
      <Filter>Header Files</Filter>
    </ClInclude>
    <ClInclude Include="src\user\cheat\features\hooks\BattleEntityHook.h">
      <Filter>Header Files</Filter>
    </ClInclude>
    <ClInclude Include="src\user\cheat\features\player\GodMode.h">
      <Filter>Header Files</Filter>
    </ClInclude>
    <ClInclude Include="src\user\cheat\features\player\NoCost.h">
      <Filter>Header Files</Filter>
    </ClInclude>
    <ClInclude Include="src\user\cheat\features\player\PlayerStats.h">
      <Filter>Header Files</Filter>
    </ClInclude>
    <ClInclude Include="src\user\cheat\cheat.h">
      <Filter>Header Files</Filter>
    </ClInclude>
    <ClInclude Include="src\user\cheat\feature_base.h">
      <Filter>Header Files</Filter>
    </ClInclude>
    <ClInclude Include="src\user\cheat\feature_manager.h">
      <Filter>Header Files</Filter>
    </ClInclude>
    <ClInclude Include="src\user\main.h">
      <Filter>Header Files</Filter>
    </ClInclude>
    <ClInclude Include="src\utils\dx_utils.h">
      <Filter>Header Files</Filter>
    </ClInclude>
    <ClInclude Include="src\utils\error.h">
      <Filter>Header Files</Filter>
    </ClInclude>
    <ClInclude Include="src\utils\logger.h">
      <Filter>Header Files</Filter>
    </ClInclude>
    <ClInclude Include="src\utils\singleton.h">
      <Filter>Header Files</Filter>
    </ClInclude>
    <ClInclude Include="src\framework.h">
      <Filter>Header Files</Filter>
    </ClInclude>
    <ClInclude Include="src\pch.h">
      <Filter>Header Files</Filter>
    </ClInclude>
  </ItemGroup>
  <ItemGroup>
    <ClCompile Include="vendor\imgui\imgui.cpp">
      <Filter>Source Files</Filter>
    </ClCompile>
    <ClCompile Include="vendor\imgui\imgui_draw.cpp">
      <Filter>Source Files</Filter>
    </ClCompile>
    <ClCompile Include="vendor\imgui\backends\imgui_impl_dx11.cpp">
      <Filter>Source Files</Filter>
    </ClCompile>
    <ClCompile Include="vendor\imgui\backends\imgui_impl_win32.cpp">
      <Filter>Source Files</Filter>
    </ClCompile>
    <ClCompile Include="vendor\imgui\misc\cpp\imgui_stdlib.cpp">
      <Filter>Source Files</Filter>
    </ClCompile>
    <ClCompile Include="vendor\imgui\imgui_tables.cpp">
      <Filter>Source Files</Filter>
    </ClCompile>
    <ClCompile Include="vendor\imgui\imgui_widgets.cpp">
      <Filter>Source Files</Filter>
    </ClCompile>
    <ClCompile Include="src\core\config\config_manager.cpp">
      <Filter>Source Files</Filter>
    </ClCompile>
    <ClCompile Include="src\core\events\event_manager.cpp">
      <Filter>Source Files</Filter>
    </ClCompile>
    <ClCompile Include="src\core\hotkey\hotkey_manager.cpp">
      <Filter>Source Files</Filter>
    </ClCompile>
    <ClCompile Include="src\core\pipe\pipe_manager.cpp">
      <Filter>Source Files</Filter>
    </ClCompile>
    <ClCompile Include="src\core\rendering\backend\dx11_backend.cpp">
      <Filter>Source Files</Filter>
    </ClCompile>
    <ClCompile Include="src\core\rendering\renderer.cpp">
      <Filter>Source Files</Filter>
    </ClCompile>
    <ClCompile Include="src\memory\asm_resolver.cpp">
      <Filter>Source Files</Filter>
    </ClCompile>
    <ClCompile Include="src\memory\hook_manager.cpp">
      <Filter>Source Files</Filter>
    </ClCompile>
    <ClCompile Include="src\ui\gui.cpp">
      <Filter>Source Files</Filter>
    </ClCompile>
    <ClCompile Include="src\user\cheat\features\combat\DumbEnemies.cpp">
      <Filter>Source Files</Filter>
    </ClCompile>
    <ClCompile Include="src\user\cheat\features\combat\OneHitKill.cpp">
      <Filter>Source Files</Filter>
    </ClCompile>
    <ClCompile Include="src\user\cheat\features\debug\Debug.cpp">
      <Filter>Source Files</Filter>
    </ClCompile>
    <ClCompile Include="src\user\cheat\features\game\InstantWin.cpp">
      <Filter>Source Files</Filter>
    </ClCompile>
    <ClCompile Include="src\user\cheat\features\game\SkipBattleSummary.cpp">
      <Filter>Source Files</Filter>
    </ClCompile>
    <ClCompile Include="src\user\cheat\features\game\SkipDialog.cpp">
      <Filter>Source Files</Filter>
    </ClCompile>
    <ClCompile Include="src\user\cheat\features\game\Timescale.cpp">
      <Filter>Source Files</Filter>
    </ClCompile>
    <ClCompile Include="src\user\cheat\features\hooks\BattleEntityHook.cpp">
      <Filter>Source Files</Filter>
    </ClCompile>
    <ClCompile Include="src\user\cheat\features\player\GodMode.cpp">
      <Filter>Source Files</Filter>
    </ClCompile>
    <ClCompile Include="src\user\cheat\features\player\NoCost.cpp">
      <Filter>Source Files</Filter>
    </ClCompile>
    <ClCompile Include="src\user\cheat\features\player\PlayerStats.cpp">
      <Filter>Source Files</Filter>
    </ClCompile>
    <ClCompile Include="src\user\cheat\cheat.cpp">
      <Filter>Source Files</Filter>
    </ClCompile>
    <ClCompile Include="src\user\cheat\feature_manager.cpp">
      <Filter>Source Files</Filter>
    </ClCompile>
    <ClCompile Include="src\user\main.cpp">
      <Filter>Source Files</Filter>
    </ClCompile>
    <ClCompile Include="src\utils\dx_utils.cpp">
      <Filter>Source Files</Filter>
    </ClCompile>
    <ClCompile Include="src\utils\logger.cpp">
      <Filter>Source Files</Filter>
    </ClCompile>
    <ClCompile Include="src\dllmain.cpp">
      <Filter>Source Files</Filter>
    </ClCompile>
    <ClCompile Include="src\pch.cpp">
      <Filter>Source Files</Filter>
    </ClCompile>
    <ClCompile Include="src\memory\mem.cpp">
      <Filter>Source Files</Filter>
    </ClCompile>
  </ItemGroup>
</Project>